<?xml version="1.0" encoding="utf-8"?>
<Project ToolsVersion="4.0" xmlns="http://schemas.microsoft.com/developer/msbuild/2003">
  <ItemGroup>
    <Filter Include="inc">
      <UniqueIdentifier>{6bf44504-d8b3-41ae-9aac-157ed69c1975}</UniqueIdentifier>
      <Extensions>*.inc</Extensions>
    </Filter>
    <Filter Include="asm">
      <UniqueIdentifier>{afb118cd-61e0-48dc-8de7-402f11e5ec77}</UniqueIdentifier>
      <Extensions>*.asm</Extensions>
    </Filter>
  </ItemGroup>
  <ItemGroup>
    <MASM Include="bomb.asm">
      <Filter>asm</Filter>
    </MASM>
    <MASM Include="bomb_core.asm">
      <Filter>asm</Filter>
    </MASM>
    <MASM Include="serialization.asm">
      <Filter>asm</Filter>
    </MASM>
  </ItemGroup>
  <ItemGroup>
    <None Include="bomb.inc">
      <Filter>inc</Filter>
    </None>
    <None Include="bomb_core.inc">
      <Filter>inc</Filter>
    </None>
    <None Include="serialization.inc">
      <Filter>inc</Filter>
    </None>
  </ItemGroup>
  <ItemGroup>
    <Image Include="images\bg485.bmp" />
    <Image Include="images\brick107.bmp" />
    <Image Include="images\pile107-0.bmp" />
    <Image Include="images\pile107-2.bmp" />
    <Image Include="images\pile107-4.bmp" />
    <Image Include="images\pile107-8.bmp" />
    <Image Include="images\pile107-16.bmp" />
    <Image Include="images\pile107-32.bmp" />
    <Image Include="images\pile107-64.bmp" />
    <Image Include="images\pile107-128.bmp" />
    <Image Include="images\pile107-256.bmp" />
    <Image Include="images\pile107-512.bmp" />
    <Image Include="images\pile107-1024.bmp" />
    <Image Include="images\pile107-2048.bmp" />
    <Image Include="images\bitmap15.bmp" />
    <Image Include="images\icons\icon.ico" />
    <Image Include="images\bomb128.ico" />
    <Image Include="images\bomb107.bmp" />
  </ItemGroup>
  <ItemGroup>
    <ClInclude Include="resource1.h" />
  </ItemGroup>
  <ItemGroup>
    <ResourceCompile Include="BOMB.rc" />
  </ItemGroup>
</Project>